
Microsoft Visual Studio Solution File, Format Version 12.00
# Visual Studio Version 16
VisualStudioVersion = 16.0.29123.88
MinimumVisualStudioVersion = 10.0.40219.1
Project("{FAE04EC0-301F-11D3-BF4B-00C04F79EFBC}") = "Account", "Account\Account.csproj", "{A78CD5DF-1FF9-4A14-A78F-7AED668C98A4}"
EndProject
Project("{FAE04EC0-301F-11D3-BF4B-00C04F79EFBC}") = "BankAccount", "BankAccount\BankAccount.csproj", "{4A462DDE-D798-4818-BB68-2116834B0035}"
EndProject
Project("{FAE04EC0-301F-11D3-BF4B-00C04F79EFBC}") = "EnergyDrinks", "EnergyDrinks\EnergyDrinks.csproj", "{7FCC007C-DD8E-40D3-9080-690E3A5BCACE}"
EndProject
Project("{FAE04EC0-301F-11D3-BF4B-00C04F79EFBC}") = "FuelConsumptionCalculator", "FuelConsumptionCalculator\FuelConsumptionCalculator.csproj", "{8CFA0561-C4D0-4419-AC65-C90E0AF2C6FC}"
EndProject
Project("{FAE04EC0-301F-11D3-BF4B-00C04F79EFBC}") = "VideoStore", "VideoStore\VideoStore.csproj", "{40352489-4287-4C39-879A-55BB1A9ED983}"
EndProject
Project("{FAE04EC0-301F-11D3-BF4B-00C04F79EFBC}") = "Exercise1", "Exercise1\Exercise1.csproj", "{1A0D1D7F-7942-4386-AC5D-22BCB24F2ABE}"
EndProject
Project("{FAE04EC0-301F-11D3-BF4B-00C04F79EFBC}") = "Exercise3", "Exercise3\Exercise3.csproj", "{010133C5-607C-4AFB-A199-CE544D4B534F}"
EndProject
Project("{FAE04EC0-301F-11D3-BF4B-00C04F79EFBC}") = "Exercise4", "Exercise4\Exercise4.csproj", "{66F57B96-0A26-48C6-9673-3EACAB689234}"
EndProject
Project("{FAE04EC0-301F-11D3-BF4B-00C04F79EFBC}") = "Exercise5", "Exercise5\Exercise5.csproj", "{E616476D-1FD7-4B4A-A987-9CE02447D6B7}"
EndProject
Project("{FAE04EC0-301F-11D3-BF4B-00C04F79EFBC}") = "Exercise7", "Exercise7\Exercise7.csproj", "{42A7FFB2-5876-43D3-8B44-6FBD662ABA7E}"
EndProject
Project("{FAE04EC0-301F-11D3-BF4B-00C04F79EFBC}") = "Exercise8", "Exercise8\Exercise8.csproj", "{9002C2CB-B6E3-4CBB-AD9C-16D665E85EC6}"
EndProject
Project("{FAE04EC0-301F-11D3-BF4B-00C04F79EFBC}") = "Exercise9", "Exercise9\Exercise9.csproj", "{5DFE4549-6625-4F4B-8089-5395E9ABE358}"
EndProject
Project("{FAE04EC0-301F-11D3-BF4B-00C04F79EFBC}") = "ClassesAndObjectsTests", "ClassesAndObjectsTests\ClassesAndObjectsTests.csproj", "{086AAD72-5298-40D0-AF54-F226206BE53A}"
EndProject
Global
	GlobalSection(SolutionConfigurationPlatforms) = preSolution
		Debug|Any CPU = Debug|Any CPU
		Release|Any CPU = Release|Any CPU
	EndGlobalSection
	GlobalSection(ProjectConfigurationPlatforms) = postSolution
		{A78CD5DF-1FF9-4A14-A78F-7AED668C98A4}.Debug|Any CPU.ActiveCfg = Debug|Any CPU
		{A78CD5DF-1FF9-4A14-A78F-7AED668C98A4}.Debug|Any CPU.Build.0 = Debug|Any CPU
		{A78CD5DF-1FF9-4A14-A78F-7AED668C98A4}.Release|Any CPU.ActiveCfg = Release|Any CPU
		{A78CD5DF-1FF9-4A14-A78F-7AED668C98A4}.Release|Any CPU.Build.0 = Release|Any CPU
		{4A462DDE-D798-4818-BB68-2116834B0035}.Debug|Any CPU.ActiveCfg = Debug|Any CPU
		{4A462DDE-D798-4818-BB68-2116834B0035}.Debug|Any CPU.Build.0 = Debug|Any CPU
		{4A462DDE-D798-4818-BB68-2116834B0035}.Release|Any CPU.ActiveCfg = Release|Any CPU
		{4A462DDE-D798-4818-BB68-2116834B0035}.Release|Any CPU.Build.0 = Release|Any CPU
		{7FCC007C-DD8E-40D3-9080-690E3A5BCACE}.Debug|Any CPU.ActiveCfg = Debug|Any CPU
		{7FCC007C-DD8E-40D3-9080-690E3A5BCACE}.Debug|Any CPU.Build.0 = Debug|Any CPU
		{7FCC007C-DD8E-40D3-9080-690E3A5BCACE}.Release|Any CPU.ActiveCfg = Release|Any CPU
		{7FCC007C-DD8E-40D3-9080-690E3A5BCACE}.Release|Any CPU.Build.0 = Release|Any CPU
		{8CFA0561-C4D0-4419-AC65-C90E0AF2C6FC}.Debug|Any CPU.ActiveCfg = Debug|Any CPU
		{8CFA0561-C4D0-4419-AC65-C90E0AF2C6FC}.Debug|Any CPU.Build.0 = Debug|Any CPU
		{8CFA0561-C4D0-4419-AC65-C90E0AF2C6FC}.Release|Any CPU.ActiveCfg = Release|Any CPU
		{8CFA0561-C4D0-4419-AC65-C90E0AF2C6FC}.Release|Any CPU.Build.0 = Release|Any CPU
		{40352489-4287-4C39-879A-55BB1A9ED983}.Debug|Any CPU.ActiveCfg = Debug|Any CPU
		{40352489-4287-4C39-879A-55BB1A9ED983}.Debug|Any CPU.Build.0 = Debug|Any CPU
		{40352489-4287-4C39-879A-55BB1A9ED983}.Release|Any CPU.ActiveCfg = Release|Any CPU
		{40352489-4287-4C39-879A-55BB1A9ED983}.Release|Any CPU.Build.0 = Release|Any CPU
		{1A0D1D7F-7942-4386-AC5D-22BCB24F2ABE}.Debug|Any CPU.ActiveCfg = Debug|Any CPU
		{1A0D1D7F-7942-4386-AC5D-22BCB24F2ABE}.Debug|Any CPU.Build.0 = Debug|Any CPU
		{1A0D1D7F-7942-4386-AC5D-22BCB24F2ABE}.Release|Any CPU.ActiveCfg = Release|Any CPU
		{1A0D1D7F-7942-4386-AC5D-22BCB24F2ABE}.Release|Any CPU.Build.0 = Release|Any CPU
		{010133C5-607C-4AFB-A199-CE544D4B534F}.Debug|Any CPU.ActiveCfg = Debug|Any CPU
		{010133C5-607C-4AFB-A199-CE544D4B534F}.Debug|Any CPU.Build.0 = Debug|Any CPU
		{010133C5-607C-4AFB-A199-CE544D4B534F}.Release|Any CPU.ActiveCfg = Release|Any CPU
		{010133C5-607C-4AFB-A199-CE544D4B534F}.Release|Any CPU.Build.0 = Release|Any CPU
		{66F57B96-0A26-48C6-9673-3EACAB689234}.Debug|Any CPU.ActiveCfg = Debug|Any CPU
		{66F57B96-0A26-48C6-9673-3EACAB689234}.Debug|Any CPU.Build.0 = Debug|Any CPU
		{66F57B96-0A26-48C6-9673-3EACAB689234}.Release|Any CPU.ActiveCfg = Release|Any CPU
		{66F57B96-0A26-48C6-9673-3EACAB689234}.Release|Any CPU.Build.0 = Release|Any CPU
		{E616476D-1FD7-4B4A-A987-9CE02447D6B7}.Debug|Any CPU.ActiveCfg = Debug|Any CPU
		{E616476D-1FD7-4B4A-A987-9CE02447D6B7}.Debug|Any CPU.Build.0 = Debug|Any CPU
		{E616476D-1FD7-4B4A-A987-9CE02447D6B7}.Release|Any CPU.ActiveCfg = Release|Any CPU
		{E616476D-1FD7-4B4A-A987-9CE02447D6B7}.Release|Any CPU.Build.0 = Release|Any CPU
		{42A7FFB2-5876-43D3-8B44-6FBD662ABA7E}.Debug|Any CPU.ActiveCfg = Debug|Any CPU
		{42A7FFB2-5876-43D3-8B44-6FBD662ABA7E}.Debug|Any CPU.Build.0 = Debug|Any CPU
		{42A7FFB2-5876-43D3-8B44-6FBD662ABA7E}.Release|Any CPU.ActiveCfg = Release|Any CPU
		{42A7FFB2-5876-43D3-8B44-6FBD662ABA7E}.Release|Any CPU.Build.0 = Release|Any CPU
		{9002C2CB-B6E3-4CBB-AD9C-16D665E85EC6}.Debug|Any CPU.ActiveCfg = Debug|Any CPU
		{9002C2CB-B6E3-4CBB-AD9C-16D665E85EC6}.Debug|Any CPU.Build.0 = Debug|Any CPU
		{9002C2CB-B6E3-4CBB-AD9C-16D665E85EC6}.Release|Any CPU.ActiveCfg = Release|Any CPU
		{9002C2CB-B6E3-4CBB-AD9C-16D665E85EC6}.Release|Any CPU.Build.0 = Release|Any CPU
		{5DFE4549-6625-4F4B-8089-5395E9ABE358}.Debug|Any CPU.ActiveCfg = Debug|Any CPU
		{5DFE4549-6625-4F4B-8089-5395E9ABE358}.Debug|Any CPU.Build.0 = Debug|Any CPU
		{5DFE4549-6625-4F4B-8089-5395E9ABE358}.Release|Any CPU.ActiveCfg = Release|Any CPU
		{5DFE4549-6625-4F4B-8089-5395E9ABE358}.Release|Any CPU.Build.0 = Release|Any CPU
		{086AAD72-5298-40D0-AF54-F226206BE53A}.Debug|Any CPU.ActiveCfg = Debug|Any CPU
		{086AAD72-5298-40D0-AF54-F226206BE53A}.Debug|Any CPU.Build.0 = Debug|Any CPU
		{086AAD72-5298-40D0-AF54-F226206BE53A}.Release|Any CPU.ActiveCfg = Release|Any CPU
		{086AAD72-5298-40D0-AF54-F226206BE53A}.Release|Any CPU.Build.0 = Release|Any CPU
	EndGlobalSection
	GlobalSection(SolutionProperties) = preSolution
		HideSolutionNode = FALSE
	EndGlobalSection
	GlobalSection(ExtensibilityGlobals) = postSolution
		SolutionGuid = {57C5E787-AAEA-41CC-BD12-4A66023D0568}
	EndGlobalSection
EndGlobal
