
Microsoft Visual Studio Solution File, Format Version 12.00
# Visual Studio Version 16
VisualStudioVersion = 16.0.29215.179
MinimumVisualStudioVersion = 10.0.40219.1
Project("{FAE04EC0-301F-11D3-BF4B-00C04F79EFBC}") = "Polymorphism", "Polymorphism\Polymorphism.csproj", "{15E80508-99ED-407E-AA8D-2D1C0EFD3E6A}"
EndProject
Project("{FAE04EC0-301F-11D3-BF4B-00C04F79EFBC}") = "DragRace", "DragRace\DragRace.csproj", "{6A6953CF-9CEA-49B9-BEB8-0CDB4824966C}"
EndProject
Global
	GlobalSection(SolutionConfigurationPlatforms) = preSolution
		Debug|Any CPU = Debug|Any CPU
		Release|Any CPU = Release|Any CPU
	EndGlobalSection
	GlobalSection(ProjectConfigurationPlatforms) = postSolution
		{15E80508-99ED-407E-AA8D-2D1C0EFD3E6A}.Debug|Any CPU.ActiveCfg = Debug|Any CPU
		{15E80508-99ED-407E-AA8D-2D1C0EFD3E6A}.Debug|Any CPU.Build.0 = Debug|Any CPU
		{15E80508-99ED-407E-AA8D-2D1C0EFD3E6A}.Release|Any CPU.ActiveCfg = Release|Any CPU
		{15E80508-99ED-407E-AA8D-2D1C0EFD3E6A}.Release|Any CPU.Build.0 = Release|Any CPU
		{6A6953CF-9CEA-49B9-BEB8-0CDB4824966C}.Debug|Any CPU.ActiveCfg = Debug|Any CPU
		{6A6953CF-9CEA-49B9-BEB8-0CDB4824966C}.Debug|Any CPU.Build.0 = Debug|Any CPU
		{6A6953CF-9CEA-49B9-BEB8-0CDB4824966C}.Release|Any CPU.ActiveCfg = Release|Any CPU
		{6A6953CF-9CEA-49B9-BEB8-0CDB4824966C}.Release|Any CPU.Build.0 = Release|Any CPU
	EndGlobalSection
	GlobalSection(SolutionProperties) = preSolution
		HideSolutionNode = FALSE
	EndGlobalSection
	GlobalSection(ExtensibilityGlobals) = postSolution
		SolutionGuid = {59636FBA-3485-4B4D-B525-A4E84C2A8F49}
	EndGlobalSection
EndGlobal
